
Microsoft Visual Studio Solution File, Format Version 12.00
# Visual Studio 15
VisualStudioVersion = 15.0.26730.16
MinimumVisualStudioVersion = 10.0.40219.1
Project("{FAE04EC0-301F-11D3-BF4B-00C04F79EFBC}") = "SoinsTUnitaires", "SoinsTUnitaires\SoinsTUnitaires.csproj", "{BC6D32A3-532D-40F6-8E9E-BFD42A7F4C52}"
EndProject
Global
	GlobalSection(SolutionConfigurationPlatforms) = preSolution
		Debug|Any CPU = Debug|Any CPU
		Release|Any CPU = Release|Any CPU
	EndGlobalSection
	GlobalSection(ProjectConfigurationPlatforms) = postSolution
		{BC6D32A3-532D-40F6-8E9E-BFD42A7F4C52}.Debug|Any CPU.ActiveCfg = Debug|Any CPU
		{BC6D32A3-532D-40F6-8E9E-BFD42A7F4C52}.Debug|Any CPU.Build.0 = Debug|Any CPU
		{BC6D32A3-532D-40F6-8E9E-BFD42A7F4C52}.Release|Any CPU.ActiveCfg = Release|Any CPU
		{BC6D32A3-532D-40F6-8E9E-BFD42A7F4C52}.Release|Any CPU.Build.0 = Release|Any CPU
	EndGlobalSection
	GlobalSection(SolutionProperties) = preSolution
		HideSolutionNode = FALSE
	EndGlobalSection
	GlobalSection(ExtensibilityGlobals) = postSolution
		SolutionGuid = {7DE63B92-3AD8-4418-A94C-D6FAE8800DE5}
	EndGlobalSection
EndGlobal
